
Microsoft Visual Studio Solution File, Format Version 12.00
# Visual Studio Version 17
VisualStudioVersion = 17.2.32630.192
MinimumVisualStudioVersion = 10.0.40219.1
Project("{9A19103F-16F7-4668-BE54-9A1E7A4F7556}") = "PicTools", "PicTools\PicTools.csproj", "{1B51AA38-6234-450C-B47D-09F2D9633BC1}"
EndProject
Project("{9A19103F-16F7-4668-BE54-9A1E7A4F7556}") = "IncreaseName", "IncreaseName\IncreaseName.csproj", "{3E8FFA1C-7DAB-4816-B766-0CFFD64991BE}"
EndProject
Project("{9A19103F-16F7-4668-BE54-9A1E7A4F7556}") = "FormatName", "FormatName\FormatName.csproj", "{C3717A56-6612-4640-9A58-FD42C63C23F2}"
EndProject
Project("{9A19103F-16F7-4668-BE54-9A1E7A4F7556}") = "RemoveFirst", "RemoveFirst\RemoveFirst.csproj", "{C47AEC64-CF0B-45B0-B408-F4A12CF22564}"
EndProject
Project("{9A19103F-16F7-4668-BE54-9A1E7A4F7556}") = "CycleMove", "CycleMove\CycleMove.csproj", "{BE2A2BC7-16ED-4ABD-9794-91CA981CDCC2}"
EndProject
Project("{9A19103F-16F7-4668-BE54-9A1E7A4F7556}") = "FirstOrder", "FirstOrder\FirstOrder.csproj", "{DA17C336-A5C1-442E-84E4-9CE648F139CF}"
EndProject
Project("{FAE04EC0-301F-11D3-BF4B-00C04F79EFBC}") = "FileNameIndexIncrese", "FileNameIndexIncrese\FileNameIndexIncrese.csproj", "{3BB21858-E3C8-44AA-B162-B4CA08C6C45A}"
EndProject
Global
	GlobalSection(SolutionConfigurationPlatforms) = preSolution
		Debug|Any CPU = Debug|Any CPU
		Release|Any CPU = Release|Any CPU
	EndGlobalSection
	GlobalSection(ProjectConfigurationPlatforms) = postSolution
		{1B51AA38-6234-450C-B47D-09F2D9633BC1}.Debug|Any CPU.ActiveCfg = Debug|Any CPU
		{1B51AA38-6234-450C-B47D-09F2D9633BC1}.Debug|Any CPU.Build.0 = Debug|Any CPU
		{1B51AA38-6234-450C-B47D-09F2D9633BC1}.Release|Any CPU.ActiveCfg = Release|Any CPU
		{1B51AA38-6234-450C-B47D-09F2D9633BC1}.Release|Any CPU.Build.0 = Release|Any CPU
		{3E8FFA1C-7DAB-4816-B766-0CFFD64991BE}.Debug|Any CPU.ActiveCfg = Debug|Any CPU
		{3E8FFA1C-7DAB-4816-B766-0CFFD64991BE}.Debug|Any CPU.Build.0 = Debug|Any CPU
		{3E8FFA1C-7DAB-4816-B766-0CFFD64991BE}.Release|Any CPU.ActiveCfg = Release|Any CPU
		{3E8FFA1C-7DAB-4816-B766-0CFFD64991BE}.Release|Any CPU.Build.0 = Release|Any CPU
		{C3717A56-6612-4640-9A58-FD42C63C23F2}.Debug|Any CPU.ActiveCfg = Debug|Any CPU
		{C3717A56-6612-4640-9A58-FD42C63C23F2}.Debug|Any CPU.Build.0 = Debug|Any CPU
		{C3717A56-6612-4640-9A58-FD42C63C23F2}.Release|Any CPU.ActiveCfg = Release|Any CPU
		{C3717A56-6612-4640-9A58-FD42C63C23F2}.Release|Any CPU.Build.0 = Release|Any CPU
		{C47AEC64-CF0B-45B0-B408-F4A12CF22564}.Debug|Any CPU.ActiveCfg = Debug|Any CPU
		{C47AEC64-CF0B-45B0-B408-F4A12CF22564}.Debug|Any CPU.Build.0 = Debug|Any CPU
		{C47AEC64-CF0B-45B0-B408-F4A12CF22564}.Release|Any CPU.ActiveCfg = Release|Any CPU
		{C47AEC64-CF0B-45B0-B408-F4A12CF22564}.Release|Any CPU.Build.0 = Release|Any CPU
		{BE2A2BC7-16ED-4ABD-9794-91CA981CDCC2}.Debug|Any CPU.ActiveCfg = Debug|Any CPU
		{BE2A2BC7-16ED-4ABD-9794-91CA981CDCC2}.Debug|Any CPU.Build.0 = Debug|Any CPU
		{BE2A2BC7-16ED-4ABD-9794-91CA981CDCC2}.Release|Any CPU.ActiveCfg = Release|Any CPU
		{BE2A2BC7-16ED-4ABD-9794-91CA981CDCC2}.Release|Any CPU.Build.0 = Release|Any CPU
		{DA17C336-A5C1-442E-84E4-9CE648F139CF}.Debug|Any CPU.ActiveCfg = Debug|Any CPU
		{DA17C336-A5C1-442E-84E4-9CE648F139CF}.Debug|Any CPU.Build.0 = Debug|Any CPU
		{DA17C336-A5C1-442E-84E4-9CE648F139CF}.Release|Any CPU.ActiveCfg = Release|Any CPU
		{DA17C336-A5C1-442E-84E4-9CE648F139CF}.Release|Any CPU.Build.0 = Release|Any CPU
		{3BB21858-E3C8-44AA-B162-B4CA08C6C45A}.Debug|Any CPU.ActiveCfg = Debug|Any CPU
		{3BB21858-E3C8-44AA-B162-B4CA08C6C45A}.Debug|Any CPU.Build.0 = Debug|Any CPU
		{3BB21858-E3C8-44AA-B162-B4CA08C6C45A}.Release|Any CPU.ActiveCfg = Release|Any CPU
		{3BB21858-E3C8-44AA-B162-B4CA08C6C45A}.Release|Any CPU.Build.0 = Release|Any CPU
	EndGlobalSection
	GlobalSection(SolutionProperties) = preSolution
		HideSolutionNode = FALSE
	EndGlobalSection
	GlobalSection(ExtensibilityGlobals) = postSolution
		SolutionGuid = {BC948A97-A25E-4629-8619-A6CEB187615F}
	EndGlobalSection
EndGlobal
